// !$*UTF8*$!
{
	archiveVersion = 1;
	classes = {
	};
	objectVersion = 46;
	objects = {

/* Begin PBXBuildFile section */
		F1F435031D58220C0045E659 /* main.m in Sources */ = {isa = PBXBuildFile; fileRef = F1F435021D58220C0045E659 /* main.m */; };
		F1F435061D58220C0045E659 /* AppDelegate.m in Sources */ = {isa = PBXBuildFile; fileRef = F1F435051D58220C0045E659 /* AppDelegate.m */; };
		F1F435091D58220C0045E659 /* ViewController.m in Sources */ = {isa = PBXBuildFile; fileRef = F1F435081D58220C0045E659 /* ViewController.m */; };
		F1F4350C1D58220C0045E659 /* Main.storyboard in Resources */ = {isa = PBXBuildFile; fileRef = F1F4350A1D58220C0045E659 /* Main.storyboard */; };
		F1F4350E1D58220C0045E659 /* Assets.xcassets in Resources */ = {isa = PBXBuildFile; fileRef = F1F4350D1D58220C0045E659 /* Assets.xcassets */; };
		F1F435111D58220C0045E659 /* LaunchScreen.storyboard in Resources */ = {isa = PBXBuildFile; fileRef = F1F4350F1D58220C0045E659 /* LaunchScreen.storyboard */; };
		F1F4351C1D58220C0045E659 /* CAShapeLayerDemoTests.m in Sources */ = {isa = PBXBuildFile; fileRef = F1F4351B1D58220C0045E659 /* CAShapeLayerDemoTests.m */; };
		F1F435271D58220C0045E659 /* CAShapeLayerDemoUITests.m in Sources */ = {isa = PBXBuildFile; fileRef = F1F435261D58220C0045E659 /* CAShapeLayerDemoUITests.m */; };
/* End PBXBuildFile section */

/* Begin PBXContainerItemProxy section */
		F1F435181D58220C0045E659 /* PBXContainerItemProxy */ = {
			isa = PBXContainerItemProxy;
			containerPortal = F1F434F61D58220C0045E659 /* Project object */;
			proxyType = 1;
			remoteGlobalIDString = F1F434FD1D58220C0045E659;
			remoteInfo = CAShapeLayerDemo;
		};
		F1F435231D58220C0045E659 /* PBXContainerItemProxy */ = {
			isa = PBXContainerItemProxy;
			containerPortal = F1F434F61D58220C0045E659 /* Project object */;
			proxyType = 1;
			remoteGlobalIDString = F1F434FD1D58220C0045E659;
			remoteInfo = CAShapeLayerDemo;
		};
/* End PBXContainerItemProxy section */

/* Begin PBXFileReference section */
		F1F434FE1D58220C0045E659 /* CAShapeLayerDemo.app */ = {isa = PBXFileReference; explicitFileType = wrapper.application; includeInIndex = 0; path = CAShapeLayerDemo.app; sourceTree = BUILT_PRODUCTS_DIR; };
		F1F435021D58220C0045E659 /* main.m */ = {isa = PBXFileReference; lastKnownFileType = sourcecode.c.objc; path = main.m; sourceTree = "<group>"; };
		F1F435041D58220C0045E659 /* AppDelegate.h */ = {isa = PBXFileReference; lastKnownFileType = sourcecode.c.h; path = AppDelegate.h; sourceTree = "<group>"; };
		F1F435051D58220C0045E659 /* AppDelegate.m */ = {isa = PBXFileReference; lastKnownFileType = sourcecode.c.objc; path = AppDelegate.m; sourceTree = "<group>"; };
		F1F435071D58220C0045E659 /* ViewController.h */ = {isa = PBXFileReference; lastKnownFileType = sourcecode.c.h; path = ViewController.h; sourceTree = "<group>"; };
		F1F435081D58220C0045E659 /* ViewController.m */ = {isa = PBXFileReference; lastKnownFileType = sourcecode.c.objc; path = ViewController.m; sourceTree = "<group>"; };
		F1F4350B1D58220C0045E659 /* Base */ = {isa = PBXFileReference; lastKnownFileType = file.storyboard; name = Base; path = Base.lproj/Main.storyboard; sourceTree = "<group>"; };
		F1F4350D1D58220C0045E659 /* Assets.xcassets */ = {isa = PBXFileReference; lastKnownFileType = folder.assetcatalog; path = Assets.xcassets; sourceTree = "<group>"; };
		F1F435101D58220C0045E659 /* Base */ = {isa = PBXFileReference; lastKnownFileType = file.storyboard; name = Base; path = Base.lproj/LaunchScreen.storyboard; sourceTree = "<group>"; };
		F1F435121D58220C0045E659 /* Info.plist */ = {isa = PBXFileReference; lastKnownFileType = text.plist.xml; path = Info.plist; sourceTree = "<group>"; };
		F1F435171D58220C0045E659 /* CAShapeLayerDemoTests.xctest */ = {isa = PBXFileReference; explicitFileType = wrapper.cfbundle; includeInIndex = 0; path = CAShapeLayerDemoTests.xctest; sourceTree = BUILT_PRODUCTS_DIR; };
		F1F4351B1D58220C0045E659 /* CAShapeLayerDemoTests.m */ = {isa = PBXFileReference; lastKnownFileType = sourcecode.c.objc; path = CAShapeLayerDemoTests.m; sourceTree = "<group>"; };
		F1F4351D1D58220C0045E659 /* Info.plist */ = {isa = PBXFileReference; lastKnownFileType = text.plist.xml; path = Info.plist; sourceTree = "<group>"; };
		F1F435221D58220C0045E659 /* CAShapeLayerDemoUITests.xctest */ = {isa = PBXFileReference; explicitFileType = wrapper.cfbundle; includeInIndex = 0; path = CAShapeLayerDemoUITests.xctest; sourceTree = BUILT_PRODUCTS_DIR; };
		F1F435261D58220C0045E659 /* CAShapeLayerDemoUITests.m */ = {isa = PBXFileReference; lastKnownFileType = sourcecode.c.objc; path = CAShapeLayerDemoUITests.m; sourceTree = "<group>"; };
		F1F435281D58220C0045E659 /* Info.plist */ = {isa = PBXFileReference; lastKnownFileType = text.plist.xml; path = Info.plist; sourceTree = "<group>"; };
/* End PBXFileReference section */

/* Begin PBXFrameworksBuildPhase section */
		F1F434FB1D58220C0045E659 /* Frameworks */ = {
			isa = PBXFrameworksBuildPhase;
			buildActionMask = 2147483647;
			files = (
			);
			runOnlyForDeploymentPostprocessing = 0;
		};
		F1F435141D58220C0045E659 /* Frameworks */ = {
			isa = PBXFrameworksBuildPhase;
			buildActionMask = 2147483647;
			files = (
			);
			runOnlyForDeploymentPostprocessing = 0;
		};
		F1F4351F1D58220C0045E659 /* Frameworks */ = {
			isa = PBXFrameworksBuildPhase;
			buildActionMask = 2147483647;
			files = (
			);
			runOnlyForDeploymentPostprocessing = 0;
		};
/* End PBXFrameworksBuildPhase section */

/* Begin PBXGroup section */
		F1F434F51D58220C0045E659 = {
			isa = PBXGroup;
			children = (
				F1F435001D58220C0045E659 /* CAShapeLayerDemo */,
				F1F4351A1D58220C0045E659 /* CAShapeLayerDemoTests */,
				F1F435251D58220C0045E659 /* CAShapeLayerDemoUITests */,
				F1F434FF1D58220C0045E659 /* Products */,
			);
			sourceTree = "<group>";
		};
		F1F434FF1D58220C0045E659 /* Products */ = {
			isa = PBXGroup;
			children = (
				F1F434FE1D58220C0045E659 /* CAShapeLayerDemo.app */,
				F1F435171D58220C0045E659 /* CAShapeLayerDemoTests.xctest */,
				F1F435221D58220C0045E659 /* CAShapeLayerDemoUITests.xctest */,
			);
			name = Products;
			sourceTree = "<group>";
		};
		F1F435001D58220C0045E659 /* CAShapeLayerDemo */ = {
			isa = PBXGroup;
			children = (
				F1F435041D58220C0045E659 /* AppDelegate.h */,
				F1F435051D58220C0045E659 /* AppDelegate.m */,
				F1F435071D58220C0045E659 /* ViewController.h */,
				F1F435081D58220C0045E659 /* ViewController.m */,
				F1F4350A1D58220C0045E659 /* Main.storyboard */,
				F1F4350D1D58220C0045E659 /* Assets.xcassets */,
				F1F4350F1D58220C0045E659 /* LaunchScreen.storyboard */,
				F1F435121D58220C0045E659 /* Info.plist */,
				F1F435011D58220C0045E659 /* Supporting Files */,
			);
			path = CAShapeLayerDemo;
			sourceTree = "<group>";
		};
		F1F435011D58220C0045E659 /* Supporting Files */ = {
			isa = PBXGroup;
			children = (
				F1F435021D58220C0045E659 /* main.m */,
			);
			name = "Supporting Files";
			sourceTree = "<group>";
		};
		F1F4351A1D58220C0045E659 /* CAShapeLayerDemoTests */ = {
			isa = PBXGroup;
			children = (
				F1F4351B1D58220C0045E659 /* CAShapeLayerDemoTests.m */,
				F1F4351D1D58220C0045E659 /* Info.plist */,
			);
			path = CAShapeLayerDemoTests;
			sourceTree = "<group>";
		};
		F1F435251D58220C0045E659 /* CAShapeLayerDemoUITests */ = {
			isa = PBXGroup;
			children = (
				F1F435261D58220C0045E659 /* CAShapeLayerDemoUITests.m */,
				F1F435281D58220C0045E659 /* Info.plist */,
			);
			path = CAShapeLayerDemoUITests;
			sourceTree = "<group>";
		};
/* End PBXGroup section */

/* Begin PBXNativeTarget section */
		F1F434FD1D58220C0045E659 /* CAShapeLayerDemo */ = {
			isa = PBXNativeTarget;
			buildConfigurationList = F1F4352B1D58220C0045E659 /* Build configuration list for PBXNativeTarget "CAShapeLayerDemo" */;
			buildPhases = (
				F1F434FA1D58220C0045E659 /* Sources */,
				F1F434FB1D58220C0045E659 /* Frameworks */,
				F1F434FC1D58220C0045E659 /* Resources */,
			);
			buildRules = (
			);
			dependencies = (
			);
			name = CAShapeLayerDemo;
			productName = CAShapeLayerDemo;
			productReference = F1F434FE1D58220C0045E659 /* CAShapeLayerDemo.app */;
			productType = "com.apple.product-type.application";
		};
		F1F435161D58220C0045E659 /* CAShapeLayerDemoTests */ = {
			isa = PBXNativeTarget;
			buildConfigurationList = F1F4352E1D58220C0045E659 /* Build configuration list for PBXNativeTarget "CAShapeLayerDemoTests" */;
			buildPhases = (
				F1F435131D58220C0045E659 /* Sources */,
				F1F435141D58220C0045E659 /* Frameworks */,
				F1F435151D58220C0045E659 /* Resources */,
			);
			buildRules = (
			);
			dependencies = (
				F1F435191D58220C0045E659 /* PBXTargetDependency */,
			);
			name = CAShapeLayerDemoTests;
			productName = CAShapeLayerDemoTests;
			productReference = F1F435171D58220C0045E659 /* CAShapeLayerDemoTests.xctest */;
			productType = "com.apple.product-type.bundle.unit-test";
		};
		F1F435211D58220C0045E659 /* CAShapeLayerDemoUITests */ = {
			isa = PBXNativeTarget;
			buildConfigurationList = F1F435311D58220C0045E659 /* Build configuration list for PBXNativeTarget "CAShapeLayerDemoUITests" */;
			buildPhases = (
				F1F4351E1D58220C0045E659 /* Sources */,
				F1F4351F1D58220C0045E659 /* Frameworks */,
				F1F435201D58220C0045E659 /* Resources */,
			);
			buildRules = (
			);
			dependencies = (
				F1F435241D58220C0045E659 /* PBXTargetDependency */,
			);
			name = CAShapeLayerDemoUITests;
			productName = CAShapeLayerDemoUITests;
			productReference = F1F435221D58220C0045E659 /* CAShapeLayerDemoUITests.xctest */;
			productType = "com.apple.product-type.bundle.ui-testing";
		};
/* End PBXNativeTarget section */

/* Begin PBXProject section */
		F1F434F61D58220C0045E659 /* Project object */ = {
			isa = PBXProject;
			attributes = {
				LastUpgradeCheck = 0730;
				ORGANIZATIONNAME = "广东康爱多连锁药店有限公司";
				TargetAttributes = {
					F1F434FD1D58220C0045E659 = {
						CreatedOnToolsVersion = 7.3.1;
					};
					F1F435161D58220C0045E659 = {
						CreatedOnToolsVersion = 7.3.1;
						TestTargetID = F1F434FD1D58220C0045E659;
					};
					F1F435211D58220C0045E659 = {
						CreatedOnToolsVersion = 7.3.1;
						TestTargetID = F1F434FD1D58220C0045E659;
					};
				};
			};
			buildConfigurationList = F1F434F91D58220C0045E659 /* Build configuration list for PBXProject "CAShapeLayerDemo" */;
			compatibilityVersion = "Xcode 3.2";
			developmentRegion = English;
			hasScannedForEncodings = 0;
			knownRegions = (
				en,
				Base,
			);
			mainGroup = F1F434F51D58220C0045E659;
			productRefGroup = F1F434FF1D58220C0045E659 /* Products */;
			projectDirPath = "";
			projectRoot = "";
			targets = (
				F1F434FD1D58220C0045E659 /* CAShapeLayerDemo */,
				F1F435161D58220C0045E659 /* CAShapeLayerDemoTests */,
				F1F435211D58220C0045E659 /* CAShapeLayerDemoUITests */,
			);
		};
/* End PBXProject section */

/* Begin PBXResourcesBuildPhase section */
		F1F434FC1D58220C0045E659 /* Resources */ = {
			isa = PBXResourcesBuildPhase;
			buildActionMask = 2147483647;
			files = (
				F1F435111D58220C0045E659 /* LaunchScreen.storyboard in Resources */,
				F1F4350E1D58220C0045E659 /* Assets.xcassets in Resources */,
				F1F4350C1D58220C0045E659 /* Main.storyboard in Resources */,
			);
			runOnlyForDeploymentPostprocessing = 0;
		};
		F1F435151D58220C0045E659 /* Resources */ = {
			isa = PBXResourcesBuildPhase;
			buildActionMask = 2147483647;
			files = (
			);
			runOnlyForDeploymentPostprocessing = 0;
		};
		F1F435201D58220C0045E659 /* Resources */ = {
			isa = PBXResourcesBuildPhase;
			buildActionMask = 2147483647;
			files = (
			);
			runOnlyForDeploymentPostprocessing = 0;
		};
/* End PBXResourcesBuildPhase section */

/* Begin PBXSourcesBuildPhase section */
		F1F434FA1D58220C0045E659 /* Sources */ = {
			isa = PBXSourcesBuildPhase;
			buildActionMask = 2147483647;
			files = (
				F1F435091D58220C0045E659 /* ViewController.m in Sources */,
				F1F435061D58220C0045E659 /* AppDelegate.m in Sources */,
				F1F435031D58220C0045E659 /* main.m in Sources */,
			);
			runOnlyForDeploymentPostprocessing = 0;
		};
		F1F435131D58220C0045E659 /* Sources */ = {
			isa = PBXSourcesBuildPhase;
			buildActionMask = 2147483647;
			files = (
				F1F4351C1D58220C0045E659 /* CAShapeLayerDemoTests.m in Sources */,
			);
			runOnlyForDeploymentPostprocessing = 0;
		};
		F1F4351E1D58220C0045E659 /* Sources */ = {
			isa = PBXSourcesBuildPhase;
			buildActionMask = 2147483647;
			files = (
				F1F435271D58220C0045E659 /* CAShapeLayerDemoUITests.m in Sources */,
			);
			runOnlyForDeploymentPostprocessing = 0;
		};
/* End PBXSourcesBuildPhase section */

/* Begin PBXTargetDependency section */
		F1F435191D58220C0045E659 /* PBXTargetDependency */ = {
			isa = PBXTargetDependency;
			target = F1F434FD1D58220C0045E659 /* CAShapeLayerDemo */;
			targetProxy = F1F435181D58220C0045E659 /* PBXContainerItemProxy */;
		};
		F1F435241D58220C0045E659 /* PBXTargetDependency */ = {
			isa = PBXTargetDependency;
			target = F1F434FD1D58220C0045E659 /* CAShapeLayerDemo */;
			targetProxy = F1F435231D58220C0045E659 /* PBXContainerItemProxy */;
		};
/* End PBXTargetDependency section */

/* Begin PBXVariantGroup section */
		F1F4350A1D58220C0045E659 /* Main.storyboard */ = {
			isa = PBXVariantGroup;
			children = (
				F1F4350B1D58220C0045E659 /* Base */,
			);
			name = Main.storyboard;
			sourceTree = "<group>";
		};
		F1F4350F1D58220C0045E659 /* LaunchScreen.storyboard */ = {
			isa = PBXVariantGroup;
			children = (
				F1F435101D58220C0045E659 /* Base */,
			);
			name = LaunchScreen.storyboard;
			sourceTree = "<group>";
		};
/* End PBXVariantGroup section */

/* Begin XCBuildConfiguration section */
		F1F435291D58220C0045E659 /* Debug */ = {
			isa = XCBuildConfiguration;
			buildSettings = {
				ALWAYS_SEARCH_USER_PATHS = NO;
				CLANG_ANALYZER_NONNULL = YES;
				CLANG_CXX_LANGUAGE_STANDARD = "gnu++0x";
				CLANG_CXX_LIBRARY = "libc++";
				CLANG_ENABLE_MODULES = YES;
				CLANG_ENABLE_OBJC_ARC = YES;
				CLANG_WARN_BOOL_CONVERSION = YES;
				CLANG_WARN_CONSTANT_CONVERSION = YES;
				CLANG_WARN_DIRECT_OBJC_ISA_USAGE = YES_ERROR;
				CLANG_WARN_EMPTY_BODY = YES;
				CLANG_WARN_ENUM_CONVERSION = YES;
				CLANG_WARN_INT_CONVERSION = YES;
				CLANG_WARN_OBJC_ROOT_CLASS = YES_ERROR;
				CLANG_WARN_UNREACHABLE_CODE = YES;
				CLANG_WARN__DUPLICATE_METHOD_MATCH = YES;
				"CODE_SIGN_IDENTITY[sdk=iphoneos*]" = "iPhone Developer";
				COPY_PHASE_STRIP = NO;
				DEBUG_INFORMATION_FORMAT = dwarf;
				ENABLE_STRICT_OBJC_MSGSEND = YES;
				ENABLE_TESTABILITY = YES;
				GCC_C_LANGUAGE_STANDARD = gnu99;
				GCC_DYNAMIC_NO_PIC = NO;
				GCC_NO_COMMON_BLOCKS = YES;
				GCC_OPTIMIZATION_LEVEL = 0;
				GCC_PREPROCESSOR_DEFINITIONS = (
					"DEBUG=1",
					"$(inherited)",
				);
				GCC_WARN_64_TO_32_BIT_CONVERSION = YES;
				GCC_WARN_ABOUT_RETURN_TYPE = YES_ERROR;
				GCC_WARN_UNDECLARED_SELECTOR = YES;
				GCC_WARN_UNINITIALIZED_AUTOS = YES_AGGRESSIVE;
				GCC_WARN_UNUSED_FUNCTION = YES;
				GCC_WARN_UNUSED_VARIABLE = YES;
				IPHONEOS_DEPLOYMENT_TARGET = 9.3;
				MTL_ENABLE_DEBUG_INFO = YES;
				ONLY_ACTIVE_ARCH = YES;
				SDKROOT = iphoneos;
				TARGETED_DEVICE_FAMILY = "1,2";
			};
			name = Debug;
		};
		F1F4352A1D58220C0045E659 /* Release */ = {
			isa = XCBuildConfiguration;
			buildSettings = {
				ALWAYS_SEARCH_USER_PATHS = NO;
				CLANG_ANALYZER_NONNULL = YES;
				CLANG_CXX_LANGUAGE_STANDARD = "gnu++0x";
				CLANG_CXX_LIBRARY = "libc++";
				CLANG_ENABLE_MODULES = YES;
				CLANG_ENABLE_OBJC_ARC = YES;
				CLANG_WARN_BOOL_CONVERSION = YES;
				CLANG_WARN_CONSTANT_CONVERSION = YES;
				CLANG_WARN_DIRECT_OBJC_ISA_USAGE = YES_ERROR;
				CLANG_WARN_EMPTY_BODY = YES;
				CLANG_WARN_ENUM_CONVERSION = YES;
				CLANG_WARN_INT_CONVERSION = YES;
				CLANG_WARN_OBJC_ROOT_CLASS = YES_ERROR;
				CLANG_WARN_UNREACHABLE_CODE = YES;
				CLANG_WARN__DUPLICATE_METHOD_MATCH = YES;
				"CODE_SIGN_IDENTITY[sdk=iphoneos*]" = "iPhone Developer";
				COPY_PHASE_STRIP = NO;
				DEBUG_INFORMATION_FORMAT = "dwarf-with-dsym";
				ENABLE_NS_ASSERTIONS = NO;
				ENABLE_STRICT_OBJC_MSGSEND = YES;
				GCC_C_LANGUAGE_STANDARD = gnu99;
				GCC_NO_COMMON_BLOCKS = YES;
				GCC_WARN_64_TO_32_BIT_CONVERSION = YES;
				GCC_WARN_ABOUT_RETURN_TYPE = YES_ERROR;
				GCC_WARN_UNDECLARED_SELECTOR = YES;
				GCC_WARN_UNINITIALIZED_AUTOS = YES_AGGRESSIVE;
				GCC_WARN_UNUSED_FUNCTION = YES;
				GCC_WARN_UNUSED_VARIABLE = YES;
				IPHONEOS_DEPLOYMENT_TARGET = 9.3;
				MTL_ENABLE_DEBUG_INFO = NO;
				SDKROOT = iphoneos;
				TARGETED_DEVICE_FAMILY = "1,2";
				VALIDATE_PRODUCT = YES;
			};
			name = Release;
		};
		F1F4352C1D58220C0045E659 /* Debug */ = {
			isa = XCBuildConfiguration;
			buildSettings = {
				ASSETCATALOG_COMPILER_APPICON_NAME = AppIcon;
				INFOPLIST_FILE = CAShapeLayerDemo/Info.plist;
				LD_RUNPATH_SEARCH_PATHS = "$(inherited) @executable_path/Frameworks";
				PRODUCT_BUNDLE_IDENTIFIER = KAD.CAShapeLayerDemo;
				PRODUCT_NAME = "$(TARGET_NAME)";
			};
			name = Debug;
		};
		F1F4352D1D58220C0045E659 /* Release */ = {
			isa = XCBuildConfiguration;
			buildSettings = {
				ASSETCATALOG_COMPILER_APPICON_NAME = AppIcon;
				INFOPLIST_FILE = CAShapeLayerDemo/Info.plist;
				LD_RUNPATH_SEARCH_PATHS = "$(inherited) @executable_path/Frameworks";
				PRODUCT_BUNDLE_IDENTIFIER = KAD.CAShapeLayerDemo;
				PRODUCT_NAME = "$(TARGET_NAME)";
			};
			name = Release;
		};
		F1F4352F1D58220C0045E659 /* Debug */ = {
			isa = XCBuildConfiguration;
			buildSettings = {
				BUNDLE_LOADER = "$(TEST_HOST)";
				INFOPLIST_FILE = CAShapeLayerDemoTests/Info.plist;
				LD_RUNPATH_SEARCH_PATHS = "$(inherited) @executable_path/Frameworks @loader_path/Frameworks";
				PRODUCT_BUNDLE_IDENTIFIER = KAD.CAShapeLayerDemoTests;
				PRODUCT_NAME = "$(TARGET_NAME)";
				TEST_HOST = "$(BUILT_PRODUCTS_DIR)/CAShapeLayerDemo.app/CAShapeLayerDemo";
			};
			name = Debug;
		};
		F1F435301D58220C0045E659 /* Release */ = {
			isa = XCBuildConfiguration;
			buildSettings = {
				BUNDLE_LOADER = "$(TEST_HOST)";
				INFOPLIST_FILE = CAShapeLayerDemoTests/Info.plist;
				LD_RUNPATH_SEARCH_PATHS = "$(inherited) @executable_path/Frameworks @loader_path/Frameworks";
				PRODUCT_BUNDLE_IDENTIFIER = KAD.CAShapeLayerDemoTests;
				PRODUCT_NAME = "$(TARGET_NAME)";
				TEST_HOST = "$(BUILT_PRODUCTS_DIR)/CAShapeLayerDemo.app/CAShapeLayerDemo";
			};
			name = Release;
		};
		F1F435321D58220C0045E659 /* Debug */ = {
			isa = XCBuildConfiguration;
			buildSettings = {
				INFOPLIST_FILE = CAShapeLayerDemoUITests/Info.plist;
				LD_RUNPATH_SEARCH_PATHS = "$(inherited) @executable_path/Frameworks @loader_path/Frameworks";
				PRODUCT_BUNDLE_IDENTIFIER = KAD.CAShapeLayerDemoUITests;
				PRODUCT_NAME = "$(TARGET_NAME)";
				TEST_TARGET_NAME = CAShapeLayerDemo;
			};
			name = Debug;
		};
		F1F435331D58220C0045E659 /* Release */ = {
			isa = XCBuildConfiguration;
			buildSettings = {
				INFOPLIST_FILE = CAShapeLayerDemoUITests/Info.plist;
				LD_RUNPATH_SEARCH_PATHS = "$(inherited) @executable_path/Frameworks @loader_path/Frameworks";
				PRODUCT_BUNDLE_IDENTIFIER = KAD.CAShapeLayerDemoUITests;
				PRODUCT_NAME = "$(TARGET_NAME)";
				TEST_TARGET_NAME = CAShapeLayerDemo;
			};
			name = Release;
		};
/* End XCBuildConfiguration section */

/* Begin XCConfigurationList section */
		F1F434F91D58220C0045E659 /* Build configuration list for PBXProject "CAShapeLayerDemo" */ = {
			isa = XCConfigurationList;
			buildConfigurations = (
				F1F435291D58220C0045E659 /* Debug */,
				F1F4352A1D58220C0045E659 /* Release */,
			);
			defaultConfigurationIsVisible = 0;
			defaultConfigurationName = Release;
		};
		F1F4352B1D58220C0045E659 /* Build configuration list for PBXNativeTarget "CAShapeLayerDemo" */ = {
			isa = XCConfigurationList;
			buildConfigurations = (
				F1F4352C1D58220C0045E659 /* Debug */,
				F1F4352D1D58220C0045E659 /* Release */,
			);
			defaultConfigurationIsVisible = 0;
		};
		F1F4352E1D58220C0045E659 /* Build configuration list for PBXNativeTarget "CAShapeLayerDemoTests" */ = {
			isa = XCConfigurationList;
			buildConfigurations = (
				F1F4352F1D58220C0045E659 /* Debug */,
				F1F435301D58220C0045E659 /* Release */,
			);
			defaultConfigurationIsVisible = 0;
		};
		F1F435311D58220C0045E659 /* Build configuration list for PBXNativeTarget "CAShapeLayerDemoUITests" */ = {
			isa = XCConfigurationList;
			buildConfigurations = (
				F1F435321D58220C0045E659 /* Debug */,
				F1F435331D58220C0045E659 /* Release */,
			);
			defaultConfigurationIsVisible = 0;
		};
/* End XCConfigurationList section */
	};
	rootObject = F1F434F61D58220C0045E659 /* Project object */;
}
